
Microsoft Visual Studio Solution File, Format Version 12.00
# Visual Studio Version 17
VisualStudioVersion = 17.13.35913.81 d17.13
MinimumVisualStudioVersion = 10.0.40219.1
Project("{2150E333-8FDC-42A3-9474-1A3956D46DE8}") = "src", "src", "{02EA681E-C7D8-13C7-8484-4AC65E1B71E8}"
EndProject
Project("{2150E333-8FDC-42A3-9474-1A3956D46DE8}") = "API", "API", "{EFB2FE29-E45D-454C-A327-0B839661F956}"
EndProject
Project("{2150E333-8FDC-42A3-9474-1A3956D46DE8}") = "Core", "Core", "{5B51BBCF-F042-4EFC-A29C-48E1F1D8FD1D}"
EndProject
Project("{2150E333-8FDC-42A3-9474-1A3956D46DE8}") = "Infrastructure", "Infrastructure", "{B2365F60-A143-4D03-BB6A-4510F8D2DA1E}"
EndProject
Project("{2150E333-8FDC-42A3-9474-1A3956D46DE8}") = "test", "test", "{6023C106-862C-4ED2-9268-13382F467408}"
EndProject
Project("{2150E333-8FDC-42A3-9474-1A3956D46DE8}") = "Library", "Library", "{6CC54D9C-220E-4822-BA18-B41E4D610D64}"
EndProject
Project("{FAE04EC0-301F-11D3-BF4B-00C04F79EFBC}") = "Bank.API", "Bank.API\Bank.API.csproj", "{C617363B-9F91-43B8-8EEC-CD6C89BDE184}"
	ProjectSection(ProjectDependencies) = postProject
		{F6213FD8-88BE-4D7D-97C0-62ED4E0D3382} = {F6213FD8-88BE-4D7D-97C0-62ED4E0D3382}
	EndProjectSection
EndProject
Project("{FAE04EC0-301F-11D3-BF4B-00C04F79EFBC}") = "Bank.Application", "Bank.Application\Bank.Application.csproj", "{BEDC1A4B-FA86-4105-978C-CF3BBC9F4521}"
	ProjectSection(ProjectDependencies) = postProject
		{9E973FEB-2BCB-4090-A125-099A7ADB6D20} = {9E973FEB-2BCB-4090-A125-099A7ADB6D20}
	EndProjectSection
EndProject
Project("{FAE04EC0-301F-11D3-BF4B-00C04F79EFBC}") = "Bank.Domain", "Bank.Domain\Bank.Domain.csproj", "{9E973FEB-2BCB-4090-A125-099A7ADB6D20}"
EndProject
Project("{FAE04EC0-301F-11D3-BF4B-00C04F79EFBC}") = "Bank.Persistence", "Bank.Persistence\Bank.Persistence.csproj", "{F6213FD8-88BE-4D7D-97C0-62ED4E0D3382}"
	ProjectSection(ProjectDependencies) = postProject
		{BEDC1A4B-FA86-4105-978C-CF3BBC9F4521} = {BEDC1A4B-FA86-4105-978C-CF3BBC9F4521}
	EndProjectSection
EndProject
Global
	GlobalSection(SolutionConfigurationPlatforms) = preSolution
		Debug|Any CPU = Debug|Any CPU
		Release|Any CPU = Release|Any CPU
	EndGlobalSection
	GlobalSection(ProjectConfigurationPlatforms) = postSolution
		{C617363B-9F91-43B8-8EEC-CD6C89BDE184}.Debug|Any CPU.ActiveCfg = Debug|Any CPU
		{C617363B-9F91-43B8-8EEC-CD6C89BDE184}.Debug|Any CPU.Build.0 = Debug|Any CPU
		{C617363B-9F91-43B8-8EEC-CD6C89BDE184}.Release|Any CPU.ActiveCfg = Release|Any CPU
		{C617363B-9F91-43B8-8EEC-CD6C89BDE184}.Release|Any CPU.Build.0 = Release|Any CPU
		{BEDC1A4B-FA86-4105-978C-CF3BBC9F4521}.Debug|Any CPU.ActiveCfg = Debug|Any CPU
		{BEDC1A4B-FA86-4105-978C-CF3BBC9F4521}.Debug|Any CPU.Build.0 = Debug|Any CPU
		{BEDC1A4B-FA86-4105-978C-CF3BBC9F4521}.Release|Any CPU.ActiveCfg = Release|Any CPU
		{BEDC1A4B-FA86-4105-978C-CF3BBC9F4521}.Release|Any CPU.Build.0 = Release|Any CPU
		{9E973FEB-2BCB-4090-A125-099A7ADB6D20}.Debug|Any CPU.ActiveCfg = Debug|Any CPU
		{9E973FEB-2BCB-4090-A125-099A7ADB6D20}.Debug|Any CPU.Build.0 = Debug|Any CPU
		{9E973FEB-2BCB-4090-A125-099A7ADB6D20}.Release|Any CPU.ActiveCfg = Release|Any CPU
		{9E973FEB-2BCB-4090-A125-099A7ADB6D20}.Release|Any CPU.Build.0 = Release|Any CPU
		{F6213FD8-88BE-4D7D-97C0-62ED4E0D3382}.Debug|Any CPU.ActiveCfg = Debug|Any CPU
		{F6213FD8-88BE-4D7D-97C0-62ED4E0D3382}.Debug|Any CPU.Build.0 = Debug|Any CPU
		{F6213FD8-88BE-4D7D-97C0-62ED4E0D3382}.Release|Any CPU.ActiveCfg = Release|Any CPU
		{F6213FD8-88BE-4D7D-97C0-62ED4E0D3382}.Release|Any CPU.Build.0 = Release|Any CPU
	EndGlobalSection
	GlobalSection(SolutionProperties) = preSolution
		HideSolutionNode = FALSE
	EndGlobalSection
	GlobalSection(NestedProjects) = preSolution
		{EFB2FE29-E45D-454C-A327-0B839661F956} = {02EA681E-C7D8-13C7-8484-4AC65E1B71E8}
		{5B51BBCF-F042-4EFC-A29C-48E1F1D8FD1D} = {02EA681E-C7D8-13C7-8484-4AC65E1B71E8}
		{B2365F60-A143-4D03-BB6A-4510F8D2DA1E} = {02EA681E-C7D8-13C7-8484-4AC65E1B71E8}
		{6CC54D9C-220E-4822-BA18-B41E4D610D64} = {02EA681E-C7D8-13C7-8484-4AC65E1B71E8}
		{C617363B-9F91-43B8-8EEC-CD6C89BDE184} = {EFB2FE29-E45D-454C-A327-0B839661F956}
		{BEDC1A4B-FA86-4105-978C-CF3BBC9F4521} = {5B51BBCF-F042-4EFC-A29C-48E1F1D8FD1D}
		{9E973FEB-2BCB-4090-A125-099A7ADB6D20} = {5B51BBCF-F042-4EFC-A29C-48E1F1D8FD1D}
		{F6213FD8-88BE-4D7D-97C0-62ED4E0D3382} = {B2365F60-A143-4D03-BB6A-4510F8D2DA1E}
	EndGlobalSection
	GlobalSection(ExtensibilityGlobals) = postSolution
		SolutionGuid = {D2A03FC2-0EFE-494D-9E92-D181E754578E}
	EndGlobalSection
EndGlobal
